// !$*UTF8*$!
{
	archiveVersion = 1;
	classes = {
	};
	objectVersion = 51;
	objects = {

/* Begin PBXBuildFile section */
		1C46BA43240113FF0031D962 /* TagCell.swift in Sources */ = {isa = PBXBuildFile; fileRef = 1C46BA41240113FF0031D962 /* TagCell.swift */; };
		1C46BA44240113FF0031D962 /* TagCell.xib in Resources */ = {isa = PBXBuildFile; fileRef = 1C46BA42240113FF0031D962 /* TagCell.xib */; };
		1C46BA46240115180031D962 /* LeftAlignedCollectionViewFlowLayout.swift in Sources */ = {isa = PBXBuildFile; fileRef = 1C46BA45240115180031D962 /* LeftAlignedCollectionViewFlowLayout.swift */; };
		1C46BA4824011E020031D962 /* TagCellViewModel.swift in Sources */ = {isa = PBXBuildFile; fileRef = 1C46BA4724011E020031D962 /* TagCellViewModel.swift */; };
		1C46BA4B24012E030031D962 /* ButtonsStackView.swift in Sources */ = {isa = PBXBuildFile; fileRef = 1C46BA4A24012E030031D962 /* ButtonsStackView.swift */; };
		1C46BA4D240148B90031D962 /* UIStoryBoardExtensions.swift in Sources */ = {isa = PBXBuildFile; fileRef = 1C46BA4C240148B90031D962 /* UIStoryBoardExtensions.swift */; };
		1C46BA4F24014A7C0031D962 /* UIColorExtensions.swift in Sources */ = {isa = PBXBuildFile; fileRef = 1C46BA4E24014A7C0031D962 /* UIColorExtensions.swift */; };
		1CA6186A2400652B0047F3D7 /* Button.swift in Sources */ = {isa = PBXBuildFile; fileRef = 1CA618692400652B0047F3D7 /* Button.swift */; };
		1CA6186C240069DC0047F3D7 /* DateExtensions.swift in Sources */ = {isa = PBXBuildFile; fileRef = 1CA6186B240069DC0047F3D7 /* DateExtensions.swift */; };
		1CF48C4423FEEAB700E43B10 /* AppDelegate.swift in Sources */ = {isa = PBXBuildFile; fileRef = 1CF48C4323FEEAB700E43B10 /* AppDelegate.swift */; };
		1CF48C4623FEEAB700E43B10 /* SceneDelegate.swift in Sources */ = {isa = PBXBuildFile; fileRef = 1CF48C4523FEEAB700E43B10 /* SceneDelegate.swift */; };
		1CF48C4823FEEAB700E43B10 /* ArticleListViewController.swift in Sources */ = {isa = PBXBuildFile; fileRef = 1CF48C4723FEEAB700E43B10 /* ArticleListViewController.swift */; };
		1CF48C4B23FEEAB700E43B10 /* Main.storyboard in Resources */ = {isa = PBXBuildFile; fileRef = 1CF48C4923FEEAB700E43B10 /* Main.storyboard */; };
		1CF48C4D23FEEAB800E43B10 /* Assets.xcassets in Resources */ = {isa = PBXBuildFile; fileRef = 1CF48C4C23FEEAB800E43B10 /* Assets.xcassets */; };
		1CF48C5023FEEAB800E43B10 /* LaunchScreen.storyboard in Resources */ = {isa = PBXBuildFile; fileRef = 1CF48C4E23FEEAB800E43B10 /* LaunchScreen.storyboard */; };
		1CF48C5A23FEEB5300E43B10 /* Article.swift in Sources */ = {isa = PBXBuildFile; fileRef = 1CF48C5923FEEB5300E43B10 /* Article.swift */; };
		1CF48C6023FEEBDF00E43B10 /* ArticleViewController.swift in Sources */ = {isa = PBXBuildFile; fileRef = 1CF48C5F23FEEBDF00E43B10 /* ArticleViewController.swift */; };
		1CF48C6323FEEC3E00E43B10 /* ViewModel.swift in Sources */ = {isa = PBXBuildFile; fileRef = 1CF48C6223FEEC3E00E43B10 /* ViewModel.swift */; };
		1CF48C6523FEEC6600E43B10 /* ArticleViewModel.swift in Sources */ = {isa = PBXBuildFile; fileRef = 1CF48C6423FEEC6600E43B10 /* ArticleViewModel.swift */; };
		1CF48C6723FEECE000E43B10 /* ArticleListViewModel.swift in Sources */ = {isa = PBXBuildFile; fileRef = 1CF48C6623FEECE000E43B10 /* ArticleListViewModel.swift */; };
		1CF48C6A23FEEFDA00E43B10 /* ArticlesProvider.swift in Sources */ = {isa = PBXBuildFile; fileRef = 1CF48C6923FEEFDA00E43B10 /* ArticlesProvider.swift */; };
		1CF48C6C23FEF3B700E43B10 /* ArticleAPIError.swift in Sources */ = {isa = PBXBuildFile; fileRef = 1CF48C6B23FEF3B600E43B10 /* ArticleAPIError.swift */; };
		1CF48C6E23FEF6E000E43B10 /* Constants.swift in Sources */ = {isa = PBXBuildFile; fileRef = 1CF48C6D23FEF6E000E43B10 /* Constants.swift */; };
		1CF48C7023FEFF4200E43B10 /* Networking.swift in Sources */ = {isa = PBXBuildFile; fileRef = 1CF48C6F23FEFF4200E43B10 /* Networking.swift */; };
		1CF48C7223FF082600E43B10 /* ArticleResponse.swift in Sources */ = {isa = PBXBuildFile; fileRef = 1CF48C7123FF082600E43B10 /* ArticleResponse.swift */; };
		1CF48C7423FF099500E43B10 /* ArticleListResponse.swift in Sources */ = {isa = PBXBuildFile; fileRef = 1CF48C7323FF099500E43B10 /* ArticleListResponse.swift */; };
		1CF48C7623FF1F5200E43B10 /* StringExtensions.swift in Sources */ = {isa = PBXBuildFile; fileRef = 1CF48C7523FF1F5200E43B10 /* StringExtensions.swift */; };
		1CF48C7B23FF24E900E43B10 /* ArticleCell.swift in Sources */ = {isa = PBXBuildFile; fileRef = 1CF48C7923FF24E900E43B10 /* ArticleCell.swift */; };
		1CF48C7C23FF24E900E43B10 /* ArticleCell.xib in Resources */ = {isa = PBXBuildFile; fileRef = 1CF48C7A23FF24E900E43B10 /* ArticleCell.xib */; };
		4DBF675E973CFC5AEB828773 /* Pods_Articles.framework in Frameworks */ = {isa = PBXBuildFile; fileRef = 078027ADA223D8E6BABA55A8 /* Pods_Articles.framework */; };
		9C74DB9523FFB13700C3992B /* ArticleCellViewModel.swift in Sources */ = {isa = PBXBuildFile; fileRef = 9C74DB9423FFB13700C3992B /* ArticleCellViewModel.swift */; };
		9C74DB9823FFB3E100C3992B /* UIViewControllerExtensions.swift in Sources */ = {isa = PBXBuildFile; fileRef = 9C74DB9723FFB3E100C3992B /* UIViewControllerExtensions.swift */; };
		9CA7380023FFD36800070767 /* ArticleDetails.swift in Sources */ = {isa = PBXBuildFile; fileRef = 9CA737FF23FFD36800070767 /* ArticleDetails.swift */; };
/* End PBXBuildFile section */

/* Begin PBXFileReference section */
		078027ADA223D8E6BABA55A8 /* Pods_Articles.framework */ = {isa = PBXFileReference; explicitFileType = wrapper.framework; includeInIndex = 0; path = Pods_Articles.framework; sourceTree = BUILT_PRODUCTS_DIR; };
		1C46BA41240113FF0031D962 /* TagCell.swift */ = {isa = PBXFileReference; lastKnownFileType = sourcecode.swift; path = TagCell.swift; sourceTree = "<group>"; };
		1C46BA42240113FF0031D962 /* TagCell.xib */ = {isa = PBXFileReference; lastKnownFileType = file.xib; path = TagCell.xib; sourceTree = "<group>"; };
		1C46BA45240115180031D962 /* LeftAlignedCollectionViewFlowLayout.swift */ = {isa = PBXFileReference; lastKnownFileType = sourcecode.swift; path = LeftAlignedCollectionViewFlowLayout.swift; sourceTree = "<group>"; };
		1C46BA4724011E020031D962 /* TagCellViewModel.swift */ = {isa = PBXFileReference; lastKnownFileType = sourcecode.swift; path = TagCellViewModel.swift; sourceTree = "<group>"; };
		1C46BA4A24012E030031D962 /* ButtonsStackView.swift */ = {isa = PBXFileReference; lastKnownFileType = sourcecode.swift; path = ButtonsStackView.swift; sourceTree = "<group>"; };
		1C46BA4C240148B90031D962 /* UIStoryBoardExtensions.swift */ = {isa = PBXFileReference; lastKnownFileType = sourcecode.swift; path = UIStoryBoardExtensions.swift; sourceTree = "<group>"; };
		1C46BA4E24014A7C0031D962 /* UIColorExtensions.swift */ = {isa = PBXFileReference; lastKnownFileType = sourcecode.swift; path = UIColorExtensions.swift; sourceTree = "<group>"; };
		1CA618692400652B0047F3D7 /* Button.swift */ = {isa = PBXFileReference; lastKnownFileType = sourcecode.swift; path = Button.swift; sourceTree = "<group>"; };
		1CA6186B240069DC0047F3D7 /* DateExtensions.swift */ = {isa = PBXFileReference; lastKnownFileType = sourcecode.swift; path = DateExtensions.swift; sourceTree = "<group>"; };
		1CF48C4023FEEAB700E43B10 /* Articles.app */ = {isa = PBXFileReference; explicitFileType = wrapper.application; includeInIndex = 0; path = Articles.app; sourceTree = BUILT_PRODUCTS_DIR; };
		1CF48C4323FEEAB700E43B10 /* AppDelegate.swift */ = {isa = PBXFileReference; lastKnownFileType = sourcecode.swift; path = AppDelegate.swift; sourceTree = "<group>"; };
		1CF48C4523FEEAB700E43B10 /* SceneDelegate.swift */ = {isa = PBXFileReference; lastKnownFileType = sourcecode.swift; path = SceneDelegate.swift; sourceTree = "<group>"; };
		1CF48C4723FEEAB700E43B10 /* ArticleListViewController.swift */ = {isa = PBXFileReference; lastKnownFileType = sourcecode.swift; path = ArticleListViewController.swift; sourceTree = "<group>"; };
		1CF48C4A23FEEAB700E43B10 /* Base */ = {isa = PBXFileReference; lastKnownFileType = file.storyboard; name = Base; path = Base.lproj/Main.storyboard; sourceTree = "<group>"; };
		1CF48C4C23FEEAB800E43B10 /* Assets.xcassets */ = {isa = PBXFileReference; lastKnownFileType = folder.assetcatalog; path = Assets.xcassets; sourceTree = "<group>"; };
		1CF48C4F23FEEAB800E43B10 /* Base */ = {isa = PBXFileReference; lastKnownFileType = file.storyboard; name = Base; path = Base.lproj/LaunchScreen.storyboard; sourceTree = "<group>"; };
		1CF48C5123FEEAB800E43B10 /* Info.plist */ = {isa = PBXFileReference; lastKnownFileType = text.plist.xml; path = Info.plist; sourceTree = "<group>"; };
		1CF48C5923FEEB5300E43B10 /* Article.swift */ = {isa = PBXFileReference; lastKnownFileType = sourcecode.swift; path = Article.swift; sourceTree = "<group>"; };
		1CF48C5F23FEEBDF00E43B10 /* ArticleViewController.swift */ = {isa = PBXFileReference; lastKnownFileType = sourcecode.swift; path = ArticleViewController.swift; sourceTree = "<group>"; };
		1CF48C6223FEEC3E00E43B10 /* ViewModel.swift */ = {isa = PBXFileReference; lastKnownFileType = sourcecode.swift; path = ViewModel.swift; sourceTree = "<group>"; };
		1CF48C6423FEEC6600E43B10 /* ArticleViewModel.swift */ = {isa = PBXFileReference; lastKnownFileType = sourcecode.swift; path = ArticleViewModel.swift; sourceTree = "<group>"; };
		1CF48C6623FEECE000E43B10 /* ArticleListViewModel.swift */ = {isa = PBXFileReference; lastKnownFileType = sourcecode.swift; path = ArticleListViewModel.swift; sourceTree = "<group>"; };
		1CF48C6923FEEFDA00E43B10 /* ArticlesProvider.swift */ = {isa = PBXFileReference; lastKnownFileType = sourcecode.swift; path = ArticlesProvider.swift; sourceTree = "<group>"; };
		1CF48C6B23FEF3B600E43B10 /* ArticleAPIError.swift */ = {isa = PBXFileReference; lastKnownFileType = sourcecode.swift; path = ArticleAPIError.swift; sourceTree = "<group>"; };
		1CF48C6D23FEF6E000E43B10 /* Constants.swift */ = {isa = PBXFileReference; lastKnownFileType = sourcecode.swift; path = Constants.swift; sourceTree = "<group>"; };
		1CF48C6F23FEFF4200E43B10 /* Networking.swift */ = {isa = PBXFileReference; lastKnownFileType = sourcecode.swift; path = Networking.swift; sourceTree = "<group>"; };
		1CF48C7123FF082600E43B10 /* ArticleResponse.swift */ = {isa = PBXFileReference; lastKnownFileType = sourcecode.swift; path = ArticleResponse.swift; sourceTree = "<group>"; };
		1CF48C7323FF099500E43B10 /* ArticleListResponse.swift */ = {isa = PBXFileReference; lastKnownFileType = sourcecode.swift; path = ArticleListResponse.swift; sourceTree = "<group>"; };
		1CF48C7523FF1F5200E43B10 /* StringExtensions.swift */ = {isa = PBXFileReference; lastKnownFileType = sourcecode.swift; path = StringExtensions.swift; sourceTree = "<group>"; };
		1CF48C7923FF24E900E43B10 /* ArticleCell.swift */ = {isa = PBXFileReference; lastKnownFileType = sourcecode.swift; path = ArticleCell.swift; sourceTree = "<group>"; };
		1CF48C7A23FF24E900E43B10 /* ArticleCell.xib */ = {isa = PBXFileReference; lastKnownFileType = file.xib; path = ArticleCell.xib; sourceTree = "<group>"; };
		60D70E0EA165986F4C3EF6E9 /* Pods-Articles.release.xcconfig */ = {isa = PBXFileReference; includeInIndex = 1; lastKnownFileType = text.xcconfig; name = "Pods-Articles.release.xcconfig"; path = "Target Support Files/Pods-Articles/Pods-Articles.release.xcconfig"; sourceTree = "<group>"; };
		9C74DB9423FFB13700C3992B /* ArticleCellViewModel.swift */ = {isa = PBXFileReference; lastKnownFileType = sourcecode.swift; path = ArticleCellViewModel.swift; sourceTree = "<group>"; };
		9C74DB9723FFB3E100C3992B /* UIViewControllerExtensions.swift */ = {isa = PBXFileReference; lastKnownFileType = sourcecode.swift; path = UIViewControllerExtensions.swift; sourceTree = "<group>"; };
		9CA737FF23FFD36800070767 /* ArticleDetails.swift */ = {isa = PBXFileReference; lastKnownFileType = sourcecode.swift; path = ArticleDetails.swift; sourceTree = "<group>"; };
		A7C522A4C3DDB50C1B6F2893 /* Pods-Articles.debug.xcconfig */ = {isa = PBXFileReference; includeInIndex = 1; lastKnownFileType = text.xcconfig; name = "Pods-Articles.debug.xcconfig"; path = "Target Support Files/Pods-Articles/Pods-Articles.debug.xcconfig"; sourceTree = "<group>"; };
/* End PBXFileReference section */

/* Begin PBXFrameworksBuildPhase section */
		1CF48C3D23FEEAB700E43B10 /* Frameworks */ = {
			isa = PBXFrameworksBuildPhase;
			buildActionMask = 2147483647;
			files = (
				4DBF675E973CFC5AEB828773 /* Pods_Articles.framework in Frameworks */,
			);
			runOnlyForDeploymentPostprocessing = 0;
		};
/* End PBXFrameworksBuildPhase section */

/* Begin PBXGroup section */
		08FBB33520B9E608A04B9EBA /* Frameworks */ = {
			isa = PBXGroup;
			children = (
				078027ADA223D8E6BABA55A8 /* Pods_Articles.framework */,
			);
			name = Frameworks;
			sourceTree = "<group>";
		};
		1C46BA4924012DE70031D962 /* UI */ = {
			isa = PBXGroup;
			children = (
				1C46BA45240115180031D962 /* LeftAlignedCollectionViewFlowLayout.swift */,
				1C46BA4A24012E030031D962 /* ButtonsStackView.swift */,
				1CA618692400652B0047F3D7 /* Button.swift */,
			);
			path = UI;
			sourceTree = "<group>";
		};
		1CF48C3723FEEAB700E43B10 = {
			isa = PBXGroup;
			children = (
				1CF48C4223FEEAB700E43B10 /* Articles */,
				1CF48C4123FEEAB700E43B10 /* Products */,
				74A72487B35BAC59E44A20F7 /* Pods */,
				08FBB33520B9E608A04B9EBA /* Frameworks */,
			);
			sourceTree = "<group>";
		};
		1CF48C4123FEEAB700E43B10 /* Products */ = {
			isa = PBXGroup;
			children = (
				1CF48C4023FEEAB700E43B10 /* Articles.app */,
			);
			name = Products;
			sourceTree = "<group>";
		};
		1CF48C4223FEEAB700E43B10 /* Articles */ = {
			isa = PBXGroup;
			children = (
				1CF48C5D23FEEB8E00E43B10 /* Application */,
				1CF48C5E23FEEBA200E43B10 /* Constants */,
				1CF48C6123FEEC1C00E43B10 /* Common */,
				9C74DB9623FFB31900C3992B /* Extensions */,
				1CF48C5823FEEB0900E43B10 /* Models */,
				1CF48C5723FEEACD00E43B10 /* Modules */,
				1CF48C6823FEEFAC00E43B10 /* Networking */,
				1CF48C4923FEEAB700E43B10 /* Main.storyboard */,
				1CF48C4C23FEEAB800E43B10 /* Assets.xcassets */,
				1CF48C4E23FEEAB800E43B10 /* LaunchScreen.storyboard */,
				1CF48C5123FEEAB800E43B10 /* Info.plist */,
			);
			path = Articles;
			sourceTree = "<group>";
		};
		1CF48C5723FEEACD00E43B10 /* Modules */ = {
			isa = PBXGroup;
			children = (
				1CF48C5B23FEEB7200E43B10 /* ArticleList */,
				1CF48C5C23FEEB7D00E43B10 /* Article */,
			);
			path = Modules;
			sourceTree = "<group>";
		};
		1CF48C5823FEEB0900E43B10 /* Models */ = {
			isa = PBXGroup;
			children = (
				1CF48C5923FEEB5300E43B10 /* Article.swift */,
				9CA737FF23FFD36800070767 /* ArticleDetails.swift */,
				1CF48C7123FF082600E43B10 /* ArticleResponse.swift */,
				1CF48C7323FF099500E43B10 /* ArticleListResponse.swift */,
			);
			path = Models;
			sourceTree = "<group>";
		};
		1CF48C5B23FEEB7200E43B10 /* ArticleList */ = {
			isa = PBXGroup;
			children = (
				1CF48C4723FEEAB700E43B10 /* ArticleListViewController.swift */,
				1CF48C6623FEECE000E43B10 /* ArticleListViewModel.swift */,
				1CF48C7923FF24E900E43B10 /* ArticleCell.swift */,
				1CF48C7A23FF24E900E43B10 /* ArticleCell.xib */,
				9C74DB9423FFB13700C3992B /* ArticleCellViewModel.swift */,
			);
			path = ArticleList;
			sourceTree = "<group>";
		};
		1CF48C5C23FEEB7D00E43B10 /* Article */ = {
			isa = PBXGroup;
			children = (
				1CF48C5F23FEEBDF00E43B10 /* ArticleViewController.swift */,
				1CF48C6423FEEC6600E43B10 /* ArticleViewModel.swift */,
				1C46BA41240113FF0031D962 /* TagCell.swift */,
				1C46BA42240113FF0031D962 /* TagCell.xib */,
				1C46BA4724011E020031D962 /* TagCellViewModel.swift */,
			);
			path = Article;
			sourceTree = "<group>";
		};
		1CF48C5D23FEEB8E00E43B10 /* Application */ = {
			isa = PBXGroup;
			children = (
				1CF48C4323FEEAB700E43B10 /* AppDelegate.swift */,
				1CF48C4523FEEAB700E43B10 /* SceneDelegate.swift */,
			);
			path = Application;
			sourceTree = "<group>";
		};
		1CF48C5E23FEEBA200E43B10 /* Constants */ = {
			isa = PBXGroup;
			children = (
				1CF48C6D23FEF6E000E43B10 /* Constants.swift */,
			);
			path = Constants;
			sourceTree = "<group>";
		};
		1CF48C6123FEEC1C00E43B10 /* Common */ = {
			isa = PBXGroup;
			children = (
				1C46BA4924012DE70031D962 /* UI */,
				1CF48C6223FEEC3E00E43B10 /* ViewModel.swift */,
			);
			path = Common;
			sourceTree = "<group>";
		};
		1CF48C6823FEEFAC00E43B10 /* Networking */ = {
			isa = PBXGroup;
			children = (
				1CF48C6923FEEFDA00E43B10 /* ArticlesProvider.swift */,
				1CF48C6F23FEFF4200E43B10 /* Networking.swift */,
				1CF48C6B23FEF3B600E43B10 /* ArticleAPIError.swift */,
			);
			path = Networking;
			sourceTree = "<group>";
		};
		74A72487B35BAC59E44A20F7 /* Pods */ = {
			isa = PBXGroup;
			children = (
				A7C522A4C3DDB50C1B6F2893 /* Pods-Articles.debug.xcconfig */,
				60D70E0EA165986F4C3EF6E9 /* Pods-Articles.release.xcconfig */,
			);
			path = Pods;
			sourceTree = "<group>";
		};
		9C74DB9623FFB31900C3992B /* Extensions */ = {
			isa = PBXGroup;
			children = (
				1CF48C7523FF1F5200E43B10 /* StringExtensions.swift */,
				9C74DB9723FFB3E100C3992B /* UIViewControllerExtensions.swift */,
				1CA6186B240069DC0047F3D7 /* DateExtensions.swift */,
				1C46BA4C240148B90031D962 /* UIStoryBoardExtensions.swift */,
				1C46BA4E24014A7C0031D962 /* UIColorExtensions.swift */,
			);
			path = Extensions;
			sourceTree = "<group>";
		};
/* End PBXGroup section */

/* Begin PBXNativeTarget section */
		1CF48C3F23FEEAB700E43B10 /* Articles */ = {
			isa = PBXNativeTarget;
			buildConfigurationList = 1CF48C5423FEEAB800E43B10 /* Build configuration list for PBXNativeTarget "Articles" */;
			buildPhases = (
				0108F81C7DEF83FBD8D49D17 /* [CP] Check Pods Manifest.lock */,
				1CF48C3C23FEEAB700E43B10 /* Sources */,
				1CF48C3D23FEEAB700E43B10 /* Frameworks */,
				1CF48C3E23FEEAB700E43B10 /* Resources */,
				9E261D34E144AA9DA5158EC6 /* [CP] Embed Pods Frameworks */,
			);
			buildRules = (
			);
			dependencies = (
			);
			name = Articles;
			productName = Articles;
			productReference = 1CF48C4023FEEAB700E43B10 /* Articles.app */;
			productType = "com.apple.product-type.application";
		};
/* End PBXNativeTarget section */

/* Begin PBXProject section */
		1CF48C3823FEEAB700E43B10 /* Project object */ = {
			isa = PBXProject;
			attributes = {
				LastSwiftUpdateCheck = 1130;
				LastUpgradeCheck = 1130;
				ORGANIZATIONNAME = KarenMinasyan;
				TargetAttributes = {
					1CF48C3F23FEEAB700E43B10 = {
						CreatedOnToolsVersion = 11.3.1;
					};
				};
			};
			buildConfigurationList = 1CF48C3B23FEEAB700E43B10 /* Build configuration list for PBXProject "Articles" */;
			compatibilityVersion = "Xcode 9.3";
			developmentRegion = en;
			hasScannedForEncodings = 0;
			knownRegions = (
				en,
				Base,
			);
			mainGroup = 1CF48C3723FEEAB700E43B10;
			productRefGroup = 1CF48C4123FEEAB700E43B10 /* Products */;
			projectDirPath = "";
			projectRoot = "";
			targets = (
				1CF48C3F23FEEAB700E43B10 /* Articles */,
			);
		};
/* End PBXProject section */

/* Begin PBXResourcesBuildPhase section */
		1CF48C3E23FEEAB700E43B10 /* Resources */ = {
			isa = PBXResourcesBuildPhase;
			buildActionMask = 2147483647;
			files = (
				1CF48C7C23FF24E900E43B10 /* ArticleCell.xib in Resources */,
				1C46BA44240113FF0031D962 /* TagCell.xib in Resources */,
				1CF48C5023FEEAB800E43B10 /* LaunchScreen.storyboard in Resources */,
				1CF48C4D23FEEAB800E43B10 /* Assets.xcassets in Resources */,
				1CF48C4B23FEEAB700E43B10 /* Main.storyboard in Resources */,
			);
			runOnlyForDeploymentPostprocessing = 0;
		};
/* End PBXResourcesBuildPhase section */

/* Begin PBXShellScriptBuildPhase section */
		0108F81C7DEF83FBD8D49D17 /* [CP] Check Pods Manifest.lock */ = {
			isa = PBXShellScriptBuildPhase;
			buildActionMask = 2147483647;
			files = (
			);
			inputFileListPaths = (
			);
			inputPaths = (
				"${PODS_PODFILE_DIR_PATH}/Podfile.lock",
				"${PODS_ROOT}/Manifest.lock",
			);
			name = "[CP] Check Pods Manifest.lock";
			outputFileListPaths = (
			);
			outputPaths = (
				"$(DERIVED_FILE_DIR)/Pods-Articles-checkManifestLockResult.txt",
			);
			runOnlyForDeploymentPostprocessing = 0;
			shellPath = /bin/sh;
			shellScript = "diff \"${PODS_PODFILE_DIR_PATH}/Podfile.lock\" \"${PODS_ROOT}/Manifest.lock\" > /dev/null\nif [ $? != 0 ] ; then\n    # print error to STDERR\n    echo \"error: The sandbox is not in sync with the Podfile.lock. Run 'pod install' or update your CocoaPods installation.\" >&2\n    exit 1\nfi\n# This output is used by Xcode 'outputs' to avoid re-running this script phase.\necho \"SUCCESS\" > \"${SCRIPT_OUTPUT_FILE_0}\"\n";
			showEnvVarsInLog = 0;
		};
		9E261D34E144AA9DA5158EC6 /* [CP] Embed Pods Frameworks */ = {
			isa = PBXShellScriptBuildPhase;
			buildActionMask = 2147483647;
			files = (
			);
			inputFileListPaths = (
				"${PODS_ROOT}/Target Support Files/Pods-Articles/Pods-Articles-frameworks-${CONFIGURATION}-input-files.xcfilelist",
			);
			name = "[CP] Embed Pods Frameworks";
			outputFileListPaths = (
				"${PODS_ROOT}/Target Support Files/Pods-Articles/Pods-Articles-frameworks-${CONFIGURATION}-output-files.xcfilelist",
			);
			runOnlyForDeploymentPostprocessing = 0;
			shellPath = /bin/sh;
			shellScript = "\"${PODS_ROOT}/Target Support Files/Pods-Articles/Pods-Articles-frameworks.sh\"\n";
			showEnvVarsInLog = 0;
		};
/* End PBXShellScriptBuildPhase section */

/* Begin PBXSourcesBuildPhase section */
		1CF48C3C23FEEAB700E43B10 /* Sources */ = {
			isa = PBXSourcesBuildPhase;
			buildActionMask = 2147483647;
			files = (
				1C46BA4F24014A7C0031D962 /* UIColorExtensions.swift in Sources */,
				1CF48C7B23FF24E900E43B10 /* ArticleCell.swift in Sources */,
				1CF48C5A23FEEB5300E43B10 /* Article.swift in Sources */,
				1CF48C6E23FEF6E000E43B10 /* Constants.swift in Sources */,
				1CF48C6723FEECE000E43B10 /* ArticleListViewModel.swift in Sources */,
				9C74DB9823FFB3E100C3992B /* UIViewControllerExtensions.swift in Sources */,
				1CF48C7023FEFF4200E43B10 /* Networking.swift in Sources */,
				9CA7380023FFD36800070767 /* ArticleDetails.swift in Sources */,
				1C46BA46240115180031D962 /* LeftAlignedCollectionViewFlowLayout.swift in Sources */,
				1CF48C4823FEEAB700E43B10 /* ArticleListViewController.swift in Sources */,
				1C46BA4824011E020031D962 /* TagCellViewModel.swift in Sources */,
				9C74DB9523FFB13700C3992B /* ArticleCellViewModel.swift in Sources */,
				1CF48C7623FF1F5200E43B10 /* StringExtensions.swift in Sources */,
				1CF48C6023FEEBDF00E43B10 /* ArticleViewController.swift in Sources */,
				1CF48C6C23FEF3B700E43B10 /* ArticleAPIError.swift in Sources */,
				1CF48C7223FF082600E43B10 /* ArticleResponse.swift in Sources */,
				1C46BA4B24012E030031D962 /* ButtonsStackView.swift in Sources */,
				1CF48C4423FEEAB700E43B10 /* AppDelegate.swift in Sources */,
				1CA6186C240069DC0047F3D7 /* DateExtensions.swift in Sources */,
				1C46BA4D240148B90031D962 /* UIStoryBoardExtensions.swift in Sources */,
				1C46BA43240113FF0031D962 /* TagCell.swift in Sources */,
				1CF48C6323FEEC3E00E43B10 /* ViewModel.swift in Sources */,
				1CF48C6A23FEEFDA00E43B10 /* ArticlesProvider.swift in Sources */,
				1CF48C6523FEEC6600E43B10 /* ArticleViewModel.swift in Sources */,
				1CA6186A2400652B0047F3D7 /* Button.swift in Sources */,
				1CF48C4623FEEAB700E43B10 /* SceneDelegate.swift in Sources */,
				1CF48C7423FF099500E43B10 /* ArticleListResponse.swift in Sources */,
			);
			runOnlyForDeploymentPostprocessing = 0;
		};
/* End PBXSourcesBuildPhase section */

/* Begin PBXVariantGroup section */
		1CF48C4923FEEAB700E43B10 /* Main.storyboard */ = {
			isa = PBXVariantGroup;
			children = (
				1CF48C4A23FEEAB700E43B10 /* Base */,
			);
			name = Main.storyboard;
			sourceTree = "<group>";
		};
		1CF48C4E23FEEAB800E43B10 /* LaunchScreen.storyboard */ = {
			isa = PBXVariantGroup;
			children = (
				1CF48C4F23FEEAB800E43B10 /* Base */,
			);
			name = LaunchScreen.storyboard;
			sourceTree = "<group>";
		};
/* End PBXVariantGroup section */

/* Begin XCBuildConfiguration section */
		1CF48C5223FEEAB800E43B10 /* Debug */ = {
			isa = XCBuildConfiguration;
			buildSettings = {
				ALWAYS_SEARCH_USER_PATHS = NO;
				CLANG_ANALYZER_NONNULL = YES;
				CLANG_ANALYZER_NUMBER_OBJECT_CONVERSION = YES_AGGRESSIVE;
				CLANG_CXX_LANGUAGE_STANDARD = "gnu++14";
				CLANG_CXX_LIBRARY = "libc++";
				CLANG_ENABLE_MODULES = YES;
				CLANG_ENABLE_OBJC_ARC = YES;
				CLANG_ENABLE_OBJC_WEAK = YES;
				CLANG_WARN_BLOCK_CAPTURE_AUTORELEASING = YES;
				CLANG_WARN_BOOL_CONVERSION = YES;
				CLANG_WARN_COMMA = YES;
				CLANG_WARN_CONSTANT_CONVERSION = YES;
				CLANG_WARN_DEPRECATED_OBJC_IMPLEMENTATIONS = YES;
				CLANG_WARN_DIRECT_OBJC_ISA_USAGE = YES_ERROR;
				CLANG_WARN_DOCUMENTATION_COMMENTS = YES;
				CLANG_WARN_EMPTY_BODY = YES;
				CLANG_WARN_ENUM_CONVERSION = YES;
				CLANG_WARN_INFINITE_RECURSION = YES;
				CLANG_WARN_INT_CONVERSION = YES;
				CLANG_WARN_NON_LITERAL_NULL_CONVERSION = YES;
				CLANG_WARN_OBJC_IMPLICIT_RETAIN_SELF = YES;
				CLANG_WARN_OBJC_LITERAL_CONVERSION = YES;
				CLANG_WARN_OBJC_ROOT_CLASS = YES_ERROR;
				CLANG_WARN_RANGE_LOOP_ANALYSIS = YES;
				CLANG_WARN_STRICT_PROTOTYPES = YES;
				CLANG_WARN_SUSPICIOUS_MOVE = YES;
				CLANG_WARN_UNGUARDED_AVAILABILITY = YES_AGGRESSIVE;
				CLANG_WARN_UNREACHABLE_CODE = YES;
				CLANG_WARN__DUPLICATE_METHOD_MATCH = YES;
				COPY_PHASE_STRIP = NO;
				DEBUG_INFORMATION_FORMAT = dwarf;
				ENABLE_STRICT_OBJC_MSGSEND = YES;
				ENABLE_TESTABILITY = YES;
				GCC_C_LANGUAGE_STANDARD = gnu11;
				GCC_DYNAMIC_NO_PIC = NO;
				GCC_NO_COMMON_BLOCKS = YES;
				GCC_OPTIMIZATION_LEVEL = 0;
				GCC_PREPROCESSOR_DEFINITIONS = (
					"DEBUG=1",
					"$(inherited)",
				);
				GCC_WARN_64_TO_32_BIT_CONVERSION = YES;
				GCC_WARN_ABOUT_RETURN_TYPE = YES_ERROR;
				GCC_WARN_UNDECLARED_SELECTOR = YES;
				GCC_WARN_UNINITIALIZED_AUTOS = YES_AGGRESSIVE;
				GCC_WARN_UNUSED_FUNCTION = YES;
				GCC_WARN_UNUSED_VARIABLE = YES;
				IPHONEOS_DEPLOYMENT_TARGET = 13.2;
				MTL_ENABLE_DEBUG_INFO = INCLUDE_SOURCE;
				MTL_FAST_MATH = YES;
				ONLY_ACTIVE_ARCH = YES;
				SDKROOT = iphoneos;
				SWIFT_ACTIVE_COMPILATION_CONDITIONS = DEBUG;
				SWIFT_OPTIMIZATION_LEVEL = "-Onone";
			};
			name = Debug;
		};
		1CF48C5323FEEAB800E43B10 /* Release */ = {
			isa = XCBuildConfiguration;
			buildSettings = {
				ALWAYS_SEARCH_USER_PATHS = NO;
				CLANG_ANALYZER_NONNULL = YES;
				CLANG_ANALYZER_NUMBER_OBJECT_CONVERSION = YES_AGGRESSIVE;
				CLANG_CXX_LANGUAGE_STANDARD = "gnu++14";
				CLANG_CXX_LIBRARY = "libc++";
				CLANG_ENABLE_MODULES = YES;
				CLANG_ENABLE_OBJC_ARC = YES;
				CLANG_ENABLE_OBJC_WEAK = YES;
				CLANG_WARN_BLOCK_CAPTURE_AUTORELEASING = YES;
				CLANG_WARN_BOOL_CONVERSION = YES;
				CLANG_WARN_COMMA = YES;
				CLANG_WARN_CONSTANT_CONVERSION = YES;
				CLANG_WARN_DEPRECATED_OBJC_IMPLEMENTATIONS = YES;
				CLANG_WARN_DIRECT_OBJC_ISA_USAGE = YES_ERROR;
				CLANG_WARN_DOCUMENTATION_COMMENTS = YES;
				CLANG_WARN_EMPTY_BODY = YES;
				CLANG_WARN_ENUM_CONVERSION = YES;
				CLANG_WARN_INFINITE_RECURSION = YES;
				CLANG_WARN_INT_CONVERSION = YES;
				CLANG_WARN_NON_LITERAL_NULL_CONVERSION = YES;
				CLANG_WARN_OBJC_IMPLICIT_RETAIN_SELF = YES;
				CLANG_WARN_OBJC_LITERAL_CONVERSION = YES;
				CLANG_WARN_OBJC_ROOT_CLASS = YES_ERROR;
				CLANG_WARN_RANGE_LOOP_ANALYSIS = YES;
				CLANG_WARN_STRICT_PROTOTYPES = YES;
				CLANG_WARN_SUSPICIOUS_MOVE = YES;
				CLANG_WARN_UNGUARDED_AVAILABILITY = YES_AGGRESSIVE;
				CLANG_WARN_UNREACHABLE_CODE = YES;
				CLANG_WARN__DUPLICATE_METHOD_MATCH = YES;
				COPY_PHASE_STRIP = NO;
				DEBUG_INFORMATION_FORMAT = "dwarf-with-dsym";
				ENABLE_NS_ASSERTIONS = NO;
				ENABLE_STRICT_OBJC_MSGSEND = YES;
				GCC_C_LANGUAGE_STANDARD = gnu11;
				GCC_NO_COMMON_BLOCKS = YES;
				GCC_WARN_64_TO_32_BIT_CONVERSION = YES;
				GCC_WARN_ABOUT_RETURN_TYPE = YES_ERROR;
				GCC_WARN_UNDECLARED_SELECTOR = YES;
				GCC_WARN_UNINITIALIZED_AUTOS = YES_AGGRESSIVE;
				GCC_WARN_UNUSED_FUNCTION = YES;
				GCC_WARN_UNUSED_VARIABLE = YES;
				IPHONEOS_DEPLOYMENT_TARGET = 13.2;
				MTL_ENABLE_DEBUG_INFO = NO;
				MTL_FAST_MATH = YES;
				SDKROOT = iphoneos;
				SWIFT_COMPILATION_MODE = wholemodule;
				SWIFT_OPTIMIZATION_LEVEL = "-O";
				VALIDATE_PRODUCT = YES;
			};
			name = Release;
		};
		1CF48C5523FEEAB800E43B10 /* Debug */ = {
			isa = XCBuildConfiguration;
			baseConfigurationReference = A7C522A4C3DDB50C1B6F2893 /* Pods-Articles.debug.xcconfig */;
			buildSettings = {
				ASSETCATALOG_COMPILER_APPICON_NAME = AppIcon;
				CODE_SIGN_STYLE = Automatic;
				DEVELOPMENT_TEAM = T7PRF59H28;
				INFOPLIST_FILE = Articles/Info.plist;
				IPHONEOS_DEPLOYMENT_TARGET = 13.0;
				LD_RUNPATH_SEARCH_PATHS = (
					"$(inherited)",
					"@executable_path/Frameworks",
				);
				PRODUCT_BUNDLE_IDENTIFIER = com.articles.Articles;
				PRODUCT_NAME = "$(TARGET_NAME)";
				SWIFT_VERSION = 5.0;
				TARGETED_DEVICE_FAMILY = "1,2";
			};
			name = Debug;
		};
		1CF48C5623FEEAB800E43B10 /* Release */ = {
			isa = XCBuildConfiguration;
			baseConfigurationReference = 60D70E0EA165986F4C3EF6E9 /* Pods-Articles.release.xcconfig */;
			buildSettings = {
				ASSETCATALOG_COMPILER_APPICON_NAME = AppIcon;
				CODE_SIGN_STYLE = Automatic;
				DEVELOPMENT_TEAM = T7PRF59H28;
				INFOPLIST_FILE = Articles/Info.plist;
				IPHONEOS_DEPLOYMENT_TARGET = 13.0;
				LD_RUNPATH_SEARCH_PATHS = (
					"$(inherited)",
					"@executable_path/Frameworks",
				);
				PRODUCT_BUNDLE_IDENTIFIER = com.articles.Articles;
				PRODUCT_NAME = "$(TARGET_NAME)";
				SWIFT_VERSION = 5.0;
				TARGETED_DEVICE_FAMILY = "1,2";
			};
			name = Release;
		};
/* End XCBuildConfiguration section */

/* Begin XCConfigurationList section */
		1CF48C3B23FEEAB700E43B10 /* Build configuration list for PBXProject "Articles" */ = {
			isa = XCConfigurationList;
			buildConfigurations = (
				1CF48C5223FEEAB800E43B10 /* Debug */,
				1CF48C5323FEEAB800E43B10 /* Release */,
			);
			defaultConfigurationIsVisible = 0;
			defaultConfigurationName = Release;
		};
		1CF48C5423FEEAB800E43B10 /* Build configuration list for PBXNativeTarget "Articles" */ = {
			isa = XCConfigurationList;
			buildConfigurations = (
				1CF48C5523FEEAB800E43B10 /* Debug */,
				1CF48C5623FEEAB800E43B10 /* Release */,
			);
			defaultConfigurationIsVisible = 0;
			defaultConfigurationName = Release;
		};
/* End XCConfigurationList section */
	};
	rootObject = 1CF48C3823FEEAB700E43B10 /* Project object */;
}
