PODS:
  - FLEX (3.1.2)
  - Kingfisher (5.13.1):
    - Kingfisher/Core (= 5.13.1)
  - Kingfisher/Core (5.13.1)

DEPENDENCIES:
  - FLEX
  - Kingfisher

SPEC REPOS:
  trunk:
    - FLEX
    - Kingfisher

SPEC CHECKSUMS:
  FLEX: e13e805fc3eec8732cc227d1f7508770d46e9587
  Kingfisher: f33a848445e33c543620812158dc5d47f6bf90df

PODFILE CHECKSUM: ed47e1a2a7a3db58af530db73e2873d4d623c07d

COCOAPODS: 1.8.4
